
Microsoft Visual Studio Solution File, Format Version 12.00
# Visual Studio Version 17
VisualStudioVersion = 17.0.31423.177
MinimumVisualStudioVersion = 10.0.40219.1
Project("{FAE04EC0-301F-11D3-BF4B-00C04F79EFBC}") = "ACF_01_Test", "ACF_01_Test\ACF_01_Test.csproj", "{E8F49817-FEDE-4168-9822-61AEDB408453}"
EndProject
Project("{FAE04EC0-301F-11D3-BF4B-00C04F79EFBC}") = "ACF_Lib", "ACF_Lib\ACF_Lib.csproj", "{451992E0-C9A3-4697-9CD4-7C7F7A8BB604}"
EndProject
Global
	GlobalSection(SolutionConfigurationPlatforms) = preSolution
		Debug|Any CPU = Debug|Any CPU
		Release|Any CPU = Release|Any CPU
	EndGlobalSection
	GlobalSection(ProjectConfigurationPlatforms) = postSolution
		{E8F49817-FEDE-4168-9822-61AEDB408453}.Debug|Any CPU.ActiveCfg = Debug|Any CPU
		{E8F49817-FEDE-4168-9822-61AEDB408453}.Debug|Any CPU.Build.0 = Debug|Any CPU
		{E8F49817-FEDE-4168-9822-61AEDB408453}.Release|Any CPU.ActiveCfg = Release|Any CPU
		{E8F49817-FEDE-4168-9822-61AEDB408453}.Release|Any CPU.Build.0 = Release|Any CPU
		{451992E0-C9A3-4697-9CD4-7C7F7A8BB604}.Debug|Any CPU.ActiveCfg = Debug|Any CPU
		{451992E0-C9A3-4697-9CD4-7C7F7A8BB604}.Debug|Any CPU.Build.0 = Debug|Any CPU
		{451992E0-C9A3-4697-9CD4-7C7F7A8BB604}.Release|Any CPU.ActiveCfg = Release|Any CPU
		{451992E0-C9A3-4697-9CD4-7C7F7A8BB604}.Release|Any CPU.Build.0 = Release|Any CPU
	EndGlobalSection
	GlobalSection(SolutionProperties) = preSolution
		HideSolutionNode = FALSE
	EndGlobalSection
	GlobalSection(ExtensibilityGlobals) = postSolution
		SolutionGuid = {42251B3B-A6B7-4087-AC15-AD62754C3638}
	EndGlobalSection
EndGlobal
